// !$*UTF8*$!
{
	archiveVersion = 1;
	classes = {
	};
	objectVersion = 55;
	objects = {

/* Begin PBXBuildFile section */
		67369E03A6A11D886CC93CF4 /* Pods_Pinterest_Layout.framework in Frameworks */ = {isa = PBXBuildFile; fileRef = 946B7BFACA9FF8B6B4534544 /* Pods_Pinterest_Layout.framework */; };
		79F2308C27DDBF0400370BA1 /* AppDelegate.swift in Sources */ = {isa = PBXBuildFile; fileRef = 79F2308B27DDBF0400370BA1 /* AppDelegate.swift */; };
		79F2308E27DDBF0400370BA1 /* SceneDelegate.swift in Sources */ = {isa = PBXBuildFile; fileRef = 79F2308D27DDBF0400370BA1 /* SceneDelegate.swift */; };
		79F2309027DDBF0400370BA1 /* ViewController.swift in Sources */ = {isa = PBXBuildFile; fileRef = 79F2308F27DDBF0400370BA1 /* ViewController.swift */; };
		79F2309327DDBF0400370BA1 /* Main.storyboard in Resources */ = {isa = PBXBuildFile; fileRef = 79F2309127DDBF0400370BA1 /* Main.storyboard */; };
		79F2309527DDBF0500370BA1 /* Assets.xcassets in Resources */ = {isa = PBXBuildFile; fileRef = 79F2309427DDBF0500370BA1 /* Assets.xcassets */; };
		79F2309827DDBF0500370BA1 /* LaunchScreen.storyboard in Resources */ = {isa = PBXBuildFile; fileRef = 79F2309627DDBF0500370BA1 /* LaunchScreen.storyboard */; };
		79F230A027DDC2C500370BA1 /* RandomImagesAPI.swift in Sources */ = {isa = PBXBuildFile; fileRef = 79F2309F27DDC2C400370BA1 /* RandomImagesAPI.swift */; };
		79F230A227DDC61A00370BA1 /* ImageObject.swift in Sources */ = {isa = PBXBuildFile; fileRef = 79F230A127DDC61A00370BA1 /* ImageObject.swift */; };
		79F230A427DDCB6100370BA1 /* PinterestLayout.swift in Sources */ = {isa = PBXBuildFile; fileRef = 79F230A327DDCB6100370BA1 /* PinterestLayout.swift */; };
		79F230A627DE0C6800370BA1 /* ImageCVCell.swift in Sources */ = {isa = PBXBuildFile; fileRef = 79F230A527DE0C6800370BA1 /* ImageCVCell.swift */; };
/* End PBXBuildFile section */

/* Begin PBXFileReference section */
		64DA3EF2C68A6D19F16BDB22 /* Pods-Pinterest Layout.release.xcconfig */ = {isa = PBXFileReference; includeInIndex = 1; lastKnownFileType = text.xcconfig; name = "Pods-Pinterest Layout.release.xcconfig"; path = "Target Support Files/Pods-Pinterest Layout/Pods-Pinterest Layout.release.xcconfig"; sourceTree = "<group>"; };
		79F2308827DDBF0400370BA1 /* Pinterest Layout.app */ = {isa = PBXFileReference; explicitFileType = wrapper.application; includeInIndex = 0; path = "Pinterest Layout.app"; sourceTree = BUILT_PRODUCTS_DIR; };
		79F2308B27DDBF0400370BA1 /* AppDelegate.swift */ = {isa = PBXFileReference; lastKnownFileType = sourcecode.swift; path = AppDelegate.swift; sourceTree = "<group>"; };
		79F2308D27DDBF0400370BA1 /* SceneDelegate.swift */ = {isa = PBXFileReference; lastKnownFileType = sourcecode.swift; path = SceneDelegate.swift; sourceTree = "<group>"; };
		79F2308F27DDBF0400370BA1 /* ViewController.swift */ = {isa = PBXFileReference; lastKnownFileType = sourcecode.swift; path = ViewController.swift; sourceTree = "<group>"; };
		79F2309227DDBF0400370BA1 /* Base */ = {isa = PBXFileReference; lastKnownFileType = file.storyboard; name = Base; path = Base.lproj/Main.storyboard; sourceTree = "<group>"; };
		79F2309427DDBF0500370BA1 /* Assets.xcassets */ = {isa = PBXFileReference; lastKnownFileType = folder.assetcatalog; path = Assets.xcassets; sourceTree = "<group>"; };
		79F2309727DDBF0500370BA1 /* Base */ = {isa = PBXFileReference; lastKnownFileType = file.storyboard; name = Base; path = Base.lproj/LaunchScreen.storyboard; sourceTree = "<group>"; };
		79F2309927DDBF0500370BA1 /* Info.plist */ = {isa = PBXFileReference; lastKnownFileType = text.plist.xml; path = Info.plist; sourceTree = "<group>"; };
		79F2309F27DDC2C400370BA1 /* RandomImagesAPI.swift */ = {isa = PBXFileReference; lastKnownFileType = sourcecode.swift; path = RandomImagesAPI.swift; sourceTree = "<group>"; };
		79F230A127DDC61A00370BA1 /* ImageObject.swift */ = {isa = PBXFileReference; lastKnownFileType = sourcecode.swift; path = ImageObject.swift; sourceTree = "<group>"; };
		79F230A327DDCB6100370BA1 /* PinterestLayout.swift */ = {isa = PBXFileReference; lastKnownFileType = sourcecode.swift; path = PinterestLayout.swift; sourceTree = "<group>"; };
		79F230A527DE0C6800370BA1 /* ImageCVCell.swift */ = {isa = PBXFileReference; lastKnownFileType = sourcecode.swift; path = ImageCVCell.swift; sourceTree = "<group>"; };
		946B7BFACA9FF8B6B4534544 /* Pods_Pinterest_Layout.framework */ = {isa = PBXFileReference; explicitFileType = wrapper.framework; includeInIndex = 0; path = Pods_Pinterest_Layout.framework; sourceTree = BUILT_PRODUCTS_DIR; };
		BB506E5E62E6C69BBE44C7AD /* Pods-Pinterest Layout.debug.xcconfig */ = {isa = PBXFileReference; includeInIndex = 1; lastKnownFileType = text.xcconfig; name = "Pods-Pinterest Layout.debug.xcconfig"; path = "Target Support Files/Pods-Pinterest Layout/Pods-Pinterest Layout.debug.xcconfig"; sourceTree = "<group>"; };
/* End PBXFileReference section */

/* Begin PBXFrameworksBuildPhase section */
		79F2308527DDBF0400370BA1 /* Frameworks */ = {
			isa = PBXFrameworksBuildPhase;
			buildActionMask = 2147483647;
			files = (
				67369E03A6A11D886CC93CF4 /* Pods_Pinterest_Layout.framework in Frameworks */,
			);
			runOnlyForDeploymentPostprocessing = 0;
		};
/* End PBXFrameworksBuildPhase section */

/* Begin PBXGroup section */
		049FAFBED1134C9F87861EBB /* Frameworks */ = {
			isa = PBXGroup;
			children = (
				946B7BFACA9FF8B6B4534544 /* Pods_Pinterest_Layout.framework */,
			);
			name = Frameworks;
			sourceTree = "<group>";
		};
		3A08347DE64BAFBB934383FD /* Pods */ = {
			isa = PBXGroup;
			children = (
				BB506E5E62E6C69BBE44C7AD /* Pods-Pinterest Layout.debug.xcconfig */,
				64DA3EF2C68A6D19F16BDB22 /* Pods-Pinterest Layout.release.xcconfig */,
			);
			path = Pods;
			sourceTree = "<group>";
		};
		79F2307F27DDBF0400370BA1 = {
			isa = PBXGroup;
			children = (
				79F2308A27DDBF0400370BA1 /* Pinterest Layout */,
				79F2308927DDBF0400370BA1 /* Products */,
				3A08347DE64BAFBB934383FD /* Pods */,
				049FAFBED1134C9F87861EBB /* Frameworks */,
			);
			sourceTree = "<group>";
		};
		79F2308927DDBF0400370BA1 /* Products */ = {
			isa = PBXGroup;
			children = (
				79F2308827DDBF0400370BA1 /* Pinterest Layout.app */,
			);
			name = Products;
			sourceTree = "<group>";
		};
		79F2308A27DDBF0400370BA1 /* Pinterest Layout */ = {
			isa = PBXGroup;
			children = (
				79F2308B27DDBF0400370BA1 /* AppDelegate.swift */,
				79F2308D27DDBF0400370BA1 /* SceneDelegate.swift */,
				79F2308F27DDBF0400370BA1 /* ViewController.swift */,
				79F230A327DDCB6100370BA1 /* PinterestLayout.swift */,
				79F2309F27DDC2C400370BA1 /* RandomImagesAPI.swift */,
				79F230A527DE0C6800370BA1 /* ImageCVCell.swift */,
				79F230A127DDC61A00370BA1 /* ImageObject.swift */,
				79F2309127DDBF0400370BA1 /* Main.storyboard */,
				79F2309427DDBF0500370BA1 /* Assets.xcassets */,
				79F2309627DDBF0500370BA1 /* LaunchScreen.storyboard */,
				79F2309927DDBF0500370BA1 /* Info.plist */,
			);
			path = "Pinterest Layout";
			sourceTree = "<group>";
		};
/* End PBXGroup section */

/* Begin PBXNativeTarget section */
		79F2308727DDBF0400370BA1 /* Pinterest Layout */ = {
			isa = PBXNativeTarget;
			buildConfigurationList = 79F2309C27DDBF0500370BA1 /* Build configuration list for PBXNativeTarget "Pinterest Layout" */;
			buildPhases = (
				F74BC8685CDE13F76A6EA15D /* [CP] Check Pods Manifest.lock */,
				79F2308427DDBF0400370BA1 /* Sources */,
				79F2308527DDBF0400370BA1 /* Frameworks */,
				79F2308627DDBF0400370BA1 /* Resources */,
				CC41DE5A0E6D7BC853DE4D59 /* [CP] Embed Pods Frameworks */,
			);
			buildRules = (
			);
			dependencies = (
			);
			name = "Pinterest Layout";
			productName = "Pinterest Layout";
			productReference = 79F2308827DDBF0400370BA1 /* Pinterest Layout.app */;
			productType = "com.apple.product-type.application";
		};
/* End PBXNativeTarget section */

/* Begin PBXProject section */
		79F2308027DDBF0400370BA1 /* Project object */ = {
			isa = PBXProject;
			attributes = {
				BuildIndependentTargetsInParallel = 1;
				LastSwiftUpdateCheck = 1320;
				LastUpgradeCheck = 1320;
				TargetAttributes = {
					79F2308727DDBF0400370BA1 = {
						CreatedOnToolsVersion = 13.2.1;
					};
				};
			};
			buildConfigurationList = 79F2308327DDBF0400370BA1 /* Build configuration list for PBXProject "Pinterest Layout" */;
			compatibilityVersion = "Xcode 13.0";
			developmentRegion = en;
			hasScannedForEncodings = 0;
			knownRegions = (
				en,
				Base,
			);
			mainGroup = 79F2307F27DDBF0400370BA1;
			productRefGroup = 79F2308927DDBF0400370BA1 /* Products */;
			projectDirPath = "";
			projectRoot = "";
			targets = (
				79F2308727DDBF0400370BA1 /* Pinterest Layout */,
			);
		};
/* End PBXProject section */

/* Begin PBXResourcesBuildPhase section */
		79F2308627DDBF0400370BA1 /* Resources */ = {
			isa = PBXResourcesBuildPhase;
			buildActionMask = 2147483647;
			files = (
				79F2309827DDBF0500370BA1 /* LaunchScreen.storyboard in Resources */,
				79F2309527DDBF0500370BA1 /* Assets.xcassets in Resources */,
				79F2309327DDBF0400370BA1 /* Main.storyboard in Resources */,
			);
			runOnlyForDeploymentPostprocessing = 0;
		};
/* End PBXResourcesBuildPhase section */

/* Begin PBXShellScriptBuildPhase section */
		CC41DE5A0E6D7BC853DE4D59 /* [CP] Embed Pods Frameworks */ = {
			isa = PBXShellScriptBuildPhase;
			buildActionMask = 2147483647;
			files = (
			);
			inputFileListPaths = (
				"${PODS_ROOT}/Target Support Files/Pods-Pinterest Layout/Pods-Pinterest Layout-frameworks-${CONFIGURATION}-input-files.xcfilelist",
			);
			name = "[CP] Embed Pods Frameworks";
			outputFileListPaths = (
				"${PODS_ROOT}/Target Support Files/Pods-Pinterest Layout/Pods-Pinterest Layout-frameworks-${CONFIGURATION}-output-files.xcfilelist",
			);
			runOnlyForDeploymentPostprocessing = 0;
			shellPath = /bin/sh;
			shellScript = "\"${PODS_ROOT}/Target Support Files/Pods-Pinterest Layout/Pods-Pinterest Layout-frameworks.sh\"\n";
			showEnvVarsInLog = 0;
		};
		F74BC8685CDE13F76A6EA15D /* [CP] Check Pods Manifest.lock */ = {
			isa = PBXShellScriptBuildPhase;
			buildActionMask = 2147483647;
			files = (
			);
			inputFileListPaths = (
			);
			inputPaths = (
				"${PODS_PODFILE_DIR_PATH}/Podfile.lock",
				"${PODS_ROOT}/Manifest.lock",
			);
			name = "[CP] Check Pods Manifest.lock";
			outputFileListPaths = (
			);
			outputPaths = (
				"$(DERIVED_FILE_DIR)/Pods-Pinterest Layout-checkManifestLockResult.txt",
			);
			runOnlyForDeploymentPostprocessing = 0;
			shellPath = /bin/sh;
			shellScript = "diff \"${PODS_PODFILE_DIR_PATH}/Podfile.lock\" \"${PODS_ROOT}/Manifest.lock\" > /dev/null\nif [ $? != 0 ] ; then\n    # print error to STDERR\n    echo \"error: The sandbox is not in sync with the Podfile.lock. Run 'pod install' or update your CocoaPods installation.\" >&2\n    exit 1\nfi\n# This output is used by Xcode 'outputs' to avoid re-running this script phase.\necho \"SUCCESS\" > \"${SCRIPT_OUTPUT_FILE_0}\"\n";
			showEnvVarsInLog = 0;
		};
/* End PBXShellScriptBuildPhase section */

/* Begin PBXSourcesBuildPhase section */
		79F2308427DDBF0400370BA1 /* Sources */ = {
			isa = PBXSourcesBuildPhase;
			buildActionMask = 2147483647;
			files = (
				79F230A427DDCB6100370BA1 /* PinterestLayout.swift in Sources */,
				79F2309027DDBF0400370BA1 /* ViewController.swift in Sources */,
				79F230A027DDC2C500370BA1 /* RandomImagesAPI.swift in Sources */,
				79F2308C27DDBF0400370BA1 /* AppDelegate.swift in Sources */,
				79F230A627DE0C6800370BA1 /* ImageCVCell.swift in Sources */,
				79F230A227DDC61A00370BA1 /* ImageObject.swift in Sources */,
				79F2308E27DDBF0400370BA1 /* SceneDelegate.swift in Sources */,
			);
			runOnlyForDeploymentPostprocessing = 0;
		};
/* End PBXSourcesBuildPhase section */

/* Begin PBXVariantGroup section */
		79F2309127DDBF0400370BA1 /* Main.storyboard */ = {
			isa = PBXVariantGroup;
			children = (
				79F2309227DDBF0400370BA1 /* Base */,
			);
			name = Main.storyboard;
			sourceTree = "<group>";
		};
		79F2309627DDBF0500370BA1 /* LaunchScreen.storyboard */ = {
			isa = PBXVariantGroup;
			children = (
				79F2309727DDBF0500370BA1 /* Base */,
			);
			name = LaunchScreen.storyboard;
			sourceTree = "<group>";
		};
/* End PBXVariantGroup section */

/* Begin XCBuildConfiguration section */
		79F2309A27DDBF0500370BA1 /* Debug */ = {
			isa = XCBuildConfiguration;
			buildSettings = {
				ALWAYS_SEARCH_USER_PATHS = NO;
				CLANG_ANALYZER_NONNULL = YES;
				CLANG_ANALYZER_NUMBER_OBJECT_CONVERSION = YES_AGGRESSIVE;
				CLANG_CXX_LANGUAGE_STANDARD = "gnu++17";
				CLANG_CXX_LIBRARY = "libc++";
				CLANG_ENABLE_MODULES = YES;
				CLANG_ENABLE_OBJC_ARC = YES;
				CLANG_ENABLE_OBJC_WEAK = YES;
				CLANG_WARN_BLOCK_CAPTURE_AUTORELEASING = YES;
				CLANG_WARN_BOOL_CONVERSION = YES;
				CLANG_WARN_COMMA = YES;
				CLANG_WARN_CONSTANT_CONVERSION = YES;
				CLANG_WARN_DEPRECATED_OBJC_IMPLEMENTATIONS = YES;
				CLANG_WARN_DIRECT_OBJC_ISA_USAGE = YES_ERROR;
				CLANG_WARN_DOCUMENTATION_COMMENTS = YES;
				CLANG_WARN_EMPTY_BODY = YES;
				CLANG_WARN_ENUM_CONVERSION = YES;
				CLANG_WARN_INFINITE_RECURSION = YES;
				CLANG_WARN_INT_CONVERSION = YES;
				CLANG_WARN_NON_LITERAL_NULL_CONVERSION = YES;
				CLANG_WARN_OBJC_IMPLICIT_RETAIN_SELF = YES;
				CLANG_WARN_OBJC_LITERAL_CONVERSION = YES;
				CLANG_WARN_OBJC_ROOT_CLASS = YES_ERROR;
				CLANG_WARN_QUOTED_INCLUDE_IN_FRAMEWORK_HEADER = YES;
				CLANG_WARN_RANGE_LOOP_ANALYSIS = YES;
				CLANG_WARN_STRICT_PROTOTYPES = YES;
				CLANG_WARN_SUSPICIOUS_MOVE = YES;
				CLANG_WARN_UNGUARDED_AVAILABILITY = YES_AGGRESSIVE;
				CLANG_WARN_UNREACHABLE_CODE = YES;
				CLANG_WARN__DUPLICATE_METHOD_MATCH = YES;
				COPY_PHASE_STRIP = NO;
				DEBUG_INFORMATION_FORMAT = dwarf;
				ENABLE_STRICT_OBJC_MSGSEND = YES;
				ENABLE_TESTABILITY = YES;
				GCC_C_LANGUAGE_STANDARD = gnu11;
				GCC_DYNAMIC_NO_PIC = NO;
				GCC_NO_COMMON_BLOCKS = YES;
				GCC_OPTIMIZATION_LEVEL = 0;
				GCC_PREPROCESSOR_DEFINITIONS = (
					"DEBUG=1",
					"$(inherited)",
				);
				GCC_WARN_64_TO_32_BIT_CONVERSION = YES;
				GCC_WARN_ABOUT_RETURN_TYPE = YES_ERROR;
				GCC_WARN_UNDECLARED_SELECTOR = YES;
				GCC_WARN_UNINITIALIZED_AUTOS = YES_AGGRESSIVE;
				GCC_WARN_UNUSED_FUNCTION = YES;
				GCC_WARN_UNUSED_VARIABLE = YES;
				IPHONEOS_DEPLOYMENT_TARGET = 15.2;
				MTL_ENABLE_DEBUG_INFO = INCLUDE_SOURCE;
				MTL_FAST_MATH = YES;
				ONLY_ACTIVE_ARCH = YES;
				SDKROOT = iphoneos;
				SWIFT_ACTIVE_COMPILATION_CONDITIONS = DEBUG;
				SWIFT_OPTIMIZATION_LEVEL = "-Onone";
			};
			name = Debug;
		};
		79F2309B27DDBF0500370BA1 /* Release */ = {
			isa = XCBuildConfiguration;
			buildSettings = {
				ALWAYS_SEARCH_USER_PATHS = NO;
				CLANG_ANALYZER_NONNULL = YES;
				CLANG_ANALYZER_NUMBER_OBJECT_CONVERSION = YES_AGGRESSIVE;
				CLANG_CXX_LANGUAGE_STANDARD = "gnu++17";
				CLANG_CXX_LIBRARY = "libc++";
				CLANG_ENABLE_MODULES = YES;
				CLANG_ENABLE_OBJC_ARC = YES;
				CLANG_ENABLE_OBJC_WEAK = YES;
				CLANG_WARN_BLOCK_CAPTURE_AUTORELEASING = YES;
				CLANG_WARN_BOOL_CONVERSION = YES;
				CLANG_WARN_COMMA = YES;
				CLANG_WARN_CONSTANT_CONVERSION = YES;
				CLANG_WARN_DEPRECATED_OBJC_IMPLEMENTATIONS = YES;
				CLANG_WARN_DIRECT_OBJC_ISA_USAGE = YES_ERROR;
				CLANG_WARN_DOCUMENTATION_COMMENTS = YES;
				CLANG_WARN_EMPTY_BODY = YES;
				CLANG_WARN_ENUM_CONVERSION = YES;
				CLANG_WARN_INFINITE_RECURSION = YES;
				CLANG_WARN_INT_CONVERSION = YES;
				CLANG_WARN_NON_LITERAL_NULL_CONVERSION = YES;
				CLANG_WARN_OBJC_IMPLICIT_RETAIN_SELF = YES;
				CLANG_WARN_OBJC_LITERAL_CONVERSION = YES;
				CLANG_WARN_OBJC_ROOT_CLASS = YES_ERROR;
				CLANG_WARN_QUOTED_INCLUDE_IN_FRAMEWORK_HEADER = YES;
				CLANG_WARN_RANGE_LOOP_ANALYSIS = YES;
				CLANG_WARN_STRICT_PROTOTYPES = YES;
				CLANG_WARN_SUSPICIOUS_MOVE = YES;
				CLANG_WARN_UNGUARDED_AVAILABILITY = YES_AGGRESSIVE;
				CLANG_WARN_UNREACHABLE_CODE = YES;
				CLANG_WARN__DUPLICATE_METHOD_MATCH = YES;
				COPY_PHASE_STRIP = NO;
				DEBUG_INFORMATION_FORMAT = "dwarf-with-dsym";
				ENABLE_NS_ASSERTIONS = NO;
				ENABLE_STRICT_OBJC_MSGSEND = YES;
				GCC_C_LANGUAGE_STANDARD = gnu11;
				GCC_NO_COMMON_BLOCKS = YES;
				GCC_WARN_64_TO_32_BIT_CONVERSION = YES;
				GCC_WARN_ABOUT_RETURN_TYPE = YES_ERROR;
				GCC_WARN_UNDECLARED_SELECTOR = YES;
				GCC_WARN_UNINITIALIZED_AUTOS = YES_AGGRESSIVE;
				GCC_WARN_UNUSED_FUNCTION = YES;
				GCC_WARN_UNUSED_VARIABLE = YES;
				IPHONEOS_DEPLOYMENT_TARGET = 15.2;
				MTL_ENABLE_DEBUG_INFO = NO;
				MTL_FAST_MATH = YES;
				SDKROOT = iphoneos;
				SWIFT_COMPILATION_MODE = wholemodule;
				SWIFT_OPTIMIZATION_LEVEL = "-O";
				VALIDATE_PRODUCT = YES;
			};
			name = Release;
		};
		79F2309D27DDBF0500370BA1 /* Debug */ = {
			isa = XCBuildConfiguration;
			baseConfigurationReference = BB506E5E62E6C69BBE44C7AD /* Pods-Pinterest Layout.debug.xcconfig */;
			buildSettings = {
				ASSETCATALOG_COMPILER_APPICON_NAME = AppIcon;
				ASSETCATALOG_COMPILER_GLOBAL_ACCENT_COLOR_NAME = AccentColor;
				CODE_SIGN_STYLE = Automatic;
				CURRENT_PROJECT_VERSION = 1;
				DEVELOPMENT_TEAM = RJ4448KW3N;
				GENERATE_INFOPLIST_FILE = YES;
				INFOPLIST_FILE = "Pinterest Layout/Info.plist";
				INFOPLIST_KEY_UIApplicationSupportsIndirectInputEvents = YES;
				INFOPLIST_KEY_UILaunchStoryboardName = LaunchScreen;
				INFOPLIST_KEY_UIMainStoryboardFile = Main;
				INFOPLIST_KEY_UISupportedInterfaceOrientations_iPad = "UIInterfaceOrientationPortrait UIInterfaceOrientationPortraitUpsideDown UIInterfaceOrientationLandscapeLeft UIInterfaceOrientationLandscapeRight";
				INFOPLIST_KEY_UISupportedInterfaceOrientations_iPhone = "UIInterfaceOrientationPortrait UIInterfaceOrientationLandscapeLeft UIInterfaceOrientationLandscapeRight";
				LD_RUNPATH_SEARCH_PATHS = (
					"$(inherited)",
					"@executable_path/Frameworks",
				);
				MARKETING_VERSION = 1.0;
				PRODUCT_BUNDLE_IDENTIFIER = "com.yashshah.Pinterest-Layout";
				PRODUCT_NAME = "$(TARGET_NAME)";
				SWIFT_EMIT_LOC_STRINGS = YES;
				SWIFT_VERSION = 5.0;
				TARGETED_DEVICE_FAMILY = "1,2";
			};
			name = Debug;
		};
		79F2309E27DDBF0500370BA1 /* Release */ = {
			isa = XCBuildConfiguration;
			baseConfigurationReference = 64DA3EF2C68A6D19F16BDB22 /* Pods-Pinterest Layout.release.xcconfig */;
			buildSettings = {
				ASSETCATALOG_COMPILER_APPICON_NAME = AppIcon;
				ASSETCATALOG_COMPILER_GLOBAL_ACCENT_COLOR_NAME = AccentColor;
				CODE_SIGN_STYLE = Automatic;
				CURRENT_PROJECT_VERSION = 1;
				DEVELOPMENT_TEAM = RJ4448KW3N;
				GENERATE_INFOPLIST_FILE = YES;
				INFOPLIST_FILE = "Pinterest Layout/Info.plist";
				INFOPLIST_KEY_UIApplicationSupportsIndirectInputEvents = YES;
				INFOPLIST_KEY_UILaunchStoryboardName = LaunchScreen;
				INFOPLIST_KEY_UIMainStoryboardFile = Main;
				INFOPLIST_KEY_UISupportedInterfaceOrientations_iPad = "UIInterfaceOrientationPortrait UIInterfaceOrientationPortraitUpsideDown UIInterfaceOrientationLandscapeLeft UIInterfaceOrientationLandscapeRight";
				INFOPLIST_KEY_UISupportedInterfaceOrientations_iPhone = "UIInterfaceOrientationPortrait UIInterfaceOrientationLandscapeLeft UIInterfaceOrientationLandscapeRight";
				LD_RUNPATH_SEARCH_PATHS = (
					"$(inherited)",
					"@executable_path/Frameworks",
				);
				MARKETING_VERSION = 1.0;
				PRODUCT_BUNDLE_IDENTIFIER = "com.yashshah.Pinterest-Layout";
				PRODUCT_NAME = "$(TARGET_NAME)";
				SWIFT_EMIT_LOC_STRINGS = YES;
				SWIFT_VERSION = 5.0;
				TARGETED_DEVICE_FAMILY = "1,2";
			};
			name = Release;
		};
/* End XCBuildConfiguration section */

/* Begin XCConfigurationList section */
		79F2308327DDBF0400370BA1 /* Build configuration list for PBXProject "Pinterest Layout" */ = {
			isa = XCConfigurationList;
			buildConfigurations = (
				79F2309A27DDBF0500370BA1 /* Debug */,
				79F2309B27DDBF0500370BA1 /* Release */,
			);
			defaultConfigurationIsVisible = 0;
			defaultConfigurationName = Release;
		};
		79F2309C27DDBF0500370BA1 /* Build configuration list for PBXNativeTarget "Pinterest Layout" */ = {
			isa = XCConfigurationList;
			buildConfigurations = (
				79F2309D27DDBF0500370BA1 /* Debug */,
				79F2309E27DDBF0500370BA1 /* Release */,
			);
			defaultConfigurationIsVisible = 0;
			defaultConfigurationName = Release;
		};
/* End XCConfigurationList section */
	};
	rootObject = 79F2308027DDBF0400370BA1 /* Project object */;
}
